
Microsoft Visual Studio Solution File, Format Version 12.00
# Visual Studio Version 17
VisualStudioVersion = 17.9.34902.65
MinimumVisualStudioVersion = 10.0.40219.1
Project("{9A19103F-16F7-4668-BE54-9A1E7A4F7556}") = "01. Student System", "01. Student System\01. Student System.csproj", "{2DFF96D9-2E3B-45A2-BC97-B9B0FB46973D}"
EndProject
Project("{9A19103F-16F7-4668-BE54-9A1E7A4F7556}") = "02. Football Betting", "02. Football Betting\02. Football Betting.csproj", "{EA5F140B-32A3-4FE5-B83F-FA9CF6985323}"
EndProject
Project("{2150E333-8FDC-42A3-9474-1A3956D46DE8}") = "02. Football Betting", "02. Football Betting", "{48C9D903-1671-4F5A-A921-E81006A2D6E5}"
EndProject
Project("{FAE04EC0-301F-11D3-BF4B-00C04F79EFBC}") = "02. Football Betting.Data", "02. Football Betting.Data\02. Football Betting.Data.csproj", "{5CD76499-BBEF-4BF6-BDC7-2D3521A28388}"
EndProject
Project("{FAE04EC0-301F-11D3-BF4B-00C04F79EFBC}") = "02. Football Betting.Data.Models", "02. Football Betting.Data.Models\02. Football Betting.Data.Models.csproj", "{B84C4810-B939-4657-A1EF-A5C55EEC315A}"
EndProject
Global
	GlobalSection(SolutionConfigurationPlatforms) = preSolution
		Debug|Any CPU = Debug|Any CPU
		Release|Any CPU = Release|Any CPU
	EndGlobalSection
	GlobalSection(ProjectConfigurationPlatforms) = postSolution
		{2DFF96D9-2E3B-45A2-BC97-B9B0FB46973D}.Debug|Any CPU.ActiveCfg = Debug|Any CPU
		{2DFF96D9-2E3B-45A2-BC97-B9B0FB46973D}.Debug|Any CPU.Build.0 = Debug|Any CPU
		{2DFF96D9-2E3B-45A2-BC97-B9B0FB46973D}.Release|Any CPU.ActiveCfg = Release|Any CPU
		{2DFF96D9-2E3B-45A2-BC97-B9B0FB46973D}.Release|Any CPU.Build.0 = Release|Any CPU
		{EA5F140B-32A3-4FE5-B83F-FA9CF6985323}.Debug|Any CPU.ActiveCfg = Debug|Any CPU
		{EA5F140B-32A3-4FE5-B83F-FA9CF6985323}.Debug|Any CPU.Build.0 = Debug|Any CPU
		{EA5F140B-32A3-4FE5-B83F-FA9CF6985323}.Release|Any CPU.ActiveCfg = Release|Any CPU
		{EA5F140B-32A3-4FE5-B83F-FA9CF6985323}.Release|Any CPU.Build.0 = Release|Any CPU
		{5CD76499-BBEF-4BF6-BDC7-2D3521A28388}.Debug|Any CPU.ActiveCfg = Debug|Any CPU
		{5CD76499-BBEF-4BF6-BDC7-2D3521A28388}.Debug|Any CPU.Build.0 = Debug|Any CPU
		{5CD76499-BBEF-4BF6-BDC7-2D3521A28388}.Release|Any CPU.ActiveCfg = Release|Any CPU
		{5CD76499-BBEF-4BF6-BDC7-2D3521A28388}.Release|Any CPU.Build.0 = Release|Any CPU
		{B84C4810-B939-4657-A1EF-A5C55EEC315A}.Debug|Any CPU.ActiveCfg = Debug|Any CPU
		{B84C4810-B939-4657-A1EF-A5C55EEC315A}.Debug|Any CPU.Build.0 = Debug|Any CPU
		{B84C4810-B939-4657-A1EF-A5C55EEC315A}.Release|Any CPU.ActiveCfg = Release|Any CPU
		{B84C4810-B939-4657-A1EF-A5C55EEC315A}.Release|Any CPU.Build.0 = Release|Any CPU
	EndGlobalSection
	GlobalSection(SolutionProperties) = preSolution
		HideSolutionNode = FALSE
	EndGlobalSection
	GlobalSection(NestedProjects) = preSolution
		{EA5F140B-32A3-4FE5-B83F-FA9CF6985323} = {48C9D903-1671-4F5A-A921-E81006A2D6E5}
		{5CD76499-BBEF-4BF6-BDC7-2D3521A28388} = {48C9D903-1671-4F5A-A921-E81006A2D6E5}
		{B84C4810-B939-4657-A1EF-A5C55EEC315A} = {48C9D903-1671-4F5A-A921-E81006A2D6E5}
	EndGlobalSection
	GlobalSection(ExtensibilityGlobals) = postSolution
		SolutionGuid = {DEAA57AF-7348-4286-AC6C-2567E667164D}
	EndGlobalSection
EndGlobal
